
Microsoft Visual Studio Solution File, Format Version 12.00
# Visual Studio Version 17
VisualStudioVersion = 17.0.31903.59
MinimumVisualStudioVersion = 10.0.40219.1
Project("{FAE04EC0-301F-11D3-BF4B-00C04F79EFBC}") = "Muadil.Api", "Muadil.Api\Muadil.Api.csproj", "{9F9F24FE-0F33-429F-81BA-C4CEA05DF65F}"
EndProject
Project("{FAE04EC0-301F-11D3-BF4B-00C04F79EFBC}") = "Muadil.Domain", "Muadil.Domain\Muadil.Domain.csproj", "{8C651505-42D4-4920-8850-C82AFC9421F0}"
EndProject
Project("{FAE04EC0-301F-11D3-BF4B-00C04F79EFBC}") = "Muadil.Infrastructure", "Muadil.Infrastructure\Muadil.Infrastructure.csproj", "{966B028A-F305-4523-B0FA-3CCCC4DD312B}"
EndProject
Project("{FAE04EC0-301F-11D3-BF4B-00C04F79EFBC}") = "Muadil.Mcp", "Muadil.Mcp\Muadil.Mcp.csproj", "{8D3C6B45-C2AC-4B44-A638-44E39AE688BB}"
EndProject
Global
	GlobalSection(SolutionConfigurationPlatforms) = preSolution
		Debug|Any CPU = Debug|Any CPU
		Debug|x64 = Debug|x64
		Debug|x86 = Debug|x86
		Release|Any CPU = Release|Any CPU
		Release|x64 = Release|x64
		Release|x86 = Release|x86
	EndGlobalSection
	GlobalSection(ProjectConfigurationPlatforms) = postSolution
		{9F9F24FE-0F33-429F-81BA-C4CEA05DF65F}.Debug|Any CPU.ActiveCfg = Debug|Any CPU
		{9F9F24FE-0F33-429F-81BA-C4CEA05DF65F}.Debug|Any CPU.Build.0 = Debug|Any CPU
		{9F9F24FE-0F33-429F-81BA-C4CEA05DF65F}.Debug|x64.ActiveCfg = Debug|Any CPU
		{9F9F24FE-0F33-429F-81BA-C4CEA05DF65F}.Debug|x64.Build.0 = Debug|Any CPU
		{9F9F24FE-0F33-429F-81BA-C4CEA05DF65F}.Debug|x86.ActiveCfg = Debug|Any CPU
		{9F9F24FE-0F33-429F-81BA-C4CEA05DF65F}.Debug|x86.Build.0 = Debug|Any CPU
		{9F9F24FE-0F33-429F-81BA-C4CEA05DF65F}.Release|Any CPU.ActiveCfg = Release|Any CPU
		{9F9F24FE-0F33-429F-81BA-C4CEA05DF65F}.Release|Any CPU.Build.0 = Release|Any CPU
		{9F9F24FE-0F33-429F-81BA-C4CEA05DF65F}.Release|x64.ActiveCfg = Release|Any CPU
		{9F9F24FE-0F33-429F-81BA-C4CEA05DF65F}.Release|x64.Build.0 = Release|Any CPU
		{9F9F24FE-0F33-429F-81BA-C4CEA05DF65F}.Release|x86.ActiveCfg = Release|Any CPU
		{9F9F24FE-0F33-429F-81BA-C4CEA05DF65F}.Release|x86.Build.0 = Release|Any CPU
		{8C651505-42D4-4920-8850-C82AFC9421F0}.Debug|Any CPU.ActiveCfg = Debug|Any CPU
		{8C651505-42D4-4920-8850-C82AFC9421F0}.Debug|Any CPU.Build.0 = Debug|Any CPU
		{8C651505-42D4-4920-8850-C82AFC9421F0}.Debug|x64.ActiveCfg = Debug|Any CPU
		{8C651505-42D4-4920-8850-C82AFC9421F0}.Debug|x64.Build.0 = Debug|Any CPU
		{8C651505-42D4-4920-8850-C82AFC9421F0}.Debug|x86.ActiveCfg = Debug|Any CPU
		{8C651505-42D4-4920-8850-C82AFC9421F0}.Debug|x86.Build.0 = Debug|Any CPU
		{8C651505-42D4-4920-8850-C82AFC9421F0}.Release|Any CPU.ActiveCfg = Release|Any CPU
		{8C651505-42D4-4920-8850-C82AFC9421F0}.Release|Any CPU.Build.0 = Release|Any CPU
		{8C651505-42D4-4920-8850-C82AFC9421F0}.Release|x64.ActiveCfg = Release|Any CPU
		{8C651505-42D4-4920-8850-C82AFC9421F0}.Release|x64.Build.0 = Release|Any CPU
		{8C651505-42D4-4920-8850-C82AFC9421F0}.Release|x86.ActiveCfg = Release|Any CPU
		{8C651505-42D4-4920-8850-C82AFC9421F0}.Release|x86.Build.0 = Release|Any CPU
		{966B028A-F305-4523-B0FA-3CCCC4DD312B}.Debug|Any CPU.ActiveCfg = Debug|Any CPU
		{966B028A-F305-4523-B0FA-3CCCC4DD312B}.Debug|Any CPU.Build.0 = Debug|Any CPU
		{966B028A-F305-4523-B0FA-3CCCC4DD312B}.Debug|x64.ActiveCfg = Debug|Any CPU
		{966B028A-F305-4523-B0FA-3CCCC4DD312B}.Debug|x64.Build.0 = Debug|Any CPU
		{966B028A-F305-4523-B0FA-3CCCC4DD312B}.Debug|x86.ActiveCfg = Debug|Any CPU
		{966B028A-F305-4523-B0FA-3CCCC4DD312B}.Debug|x86.Build.0 = Debug|Any CPU
		{966B028A-F305-4523-B0FA-3CCCC4DD312B}.Release|Any CPU.ActiveCfg = Release|Any CPU
		{966B028A-F305-4523-B0FA-3CCCC4DD312B}.Release|Any CPU.Build.0 = Release|Any CPU
		{966B028A-F305-4523-B0FA-3CCCC4DD312B}.Release|x64.ActiveCfg = Release|Any CPU
		{966B028A-F305-4523-B0FA-3CCCC4DD312B}.Release|x64.Build.0 = Release|Any CPU
		{966B028A-F305-4523-B0FA-3CCCC4DD312B}.Release|x86.ActiveCfg = Release|Any CPU
		{966B028A-F305-4523-B0FA-3CCCC4DD312B}.Release|x86.Build.0 = Release|Any CPU
		{8D3C6B45-C2AC-4B44-A638-44E39AE688BB}.Debug|Any CPU.ActiveCfg = Debug|Any CPU
		{8D3C6B45-C2AC-4B44-A638-44E39AE688BB}.Debug|Any CPU.Build.0 = Debug|Any CPU
		{8D3C6B45-C2AC-4B44-A638-44E39AE688BB}.Debug|x64.ActiveCfg = Debug|Any CPU
		{8D3C6B45-C2AC-4B44-A638-44E39AE688BB}.Debug|x64.Build.0 = Debug|Any CPU
		{8D3C6B45-C2AC-4B44-A638-44E39AE688BB}.Debug|x86.ActiveCfg = Debug|Any CPU
		{8D3C6B45-C2AC-4B44-A638-44E39AE688BB}.Debug|x86.Build.0 = Debug|Any CPU
		{8D3C6B45-C2AC-4B44-A638-44E39AE688BB}.Release|Any CPU.ActiveCfg = Release|Any CPU
		{8D3C6B45-C2AC-4B44-A638-44E39AE688BB}.Release|Any CPU.Build.0 = Release|Any CPU
		{8D3C6B45-C2AC-4B44-A638-44E39AE688BB}.Release|x64.ActiveCfg = Release|Any CPU
		{8D3C6B45-C2AC-4B44-A638-44E39AE688BB}.Release|x64.Build.0 = Release|Any CPU
		{8D3C6B45-C2AC-4B44-A638-44E39AE688BB}.Release|x86.ActiveCfg = Release|Any CPU
		{8D3C6B45-C2AC-4B44-A638-44E39AE688BB}.Release|x86.Build.0 = Release|Any CPU
	EndGlobalSection
	GlobalSection(SolutionProperties) = preSolution
		HideSolutionNode = FALSE
	EndGlobalSection
EndGlobal
